
Microsoft Visual Studio Solution File, Format Version 12.00
# Visual Studio Version 16
VisualStudioVersion = 16.0.29215.179
MinimumVisualStudioVersion = 10.0.40219.1
Project("{FAE04EC0-301F-11D3-BF4B-00C04F79EFBC}") = "MelbourneCar247", "MelbourneCar247\MelbourneCar247.csproj", "{1AB0B69C-C728-4D24-B95B-9F559DB80DEC}"
EndProject
Global
	GlobalSection(SolutionConfigurationPlatforms) = preSolution
		Debug|Any CPU = Debug|Any CPU
		Release|Any CPU = Release|Any CPU
	EndGlobalSection
	GlobalSection(ProjectConfigurationPlatforms) = postSolution
		{1AB0B69C-C728-4D24-B95B-9F559DB80DEC}.Debug|Any CPU.ActiveCfg = Debug|Any CPU
		{1AB0B69C-C728-4D24-B95B-9F559DB80DEC}.Debug|Any CPU.Build.0 = Debug|Any CPU
		{1AB0B69C-C728-4D24-B95B-9F559DB80DEC}.Release|Any CPU.ActiveCfg = Release|Any CPU
		{1AB0B69C-C728-4D24-B95B-9F559DB80DEC}.Release|Any CPU.Build.0 = Release|Any CPU
	EndGlobalSection
	GlobalSection(SolutionProperties) = preSolution
		HideSolutionNode = FALSE
	EndGlobalSection
	GlobalSection(ExtensibilityGlobals) = postSolution
		SolutionGuid = {39AED94D-FB71-4302-8C59-4F96DFD1FDD3}
	EndGlobalSection
EndGlobal
